# pin_assignments_de10lite.qsf
# Atribuicao de pinos para o fp_adder_de10lite na Terasic DE10-Lite (MAX 10, 10M50DAF484C7G).
# Etapa 3 do projeto MCTA024. Pinos conferidos com a tabela oficial do manual da DE10-Lite
# (golden_top da Terasic). Confirme mesmo assim no Pin Planner do Quartus antes de compilar.
#
# Como usar:
#   1. Abra o projeto no Quartus (File > New Project Wizard), adicione fp_adder.vhd,
#      hex_to_sseg.vhd e fp_adder_de10lite.vhd, defina fp_adder_de10lite como Top-Level Entity.
#   2. Copie o conteudo abaixo para dentro do arquivo <nome_do_projeto>.qsf (ou cole linha a
#      linha no Pin Planner / Assignments > Import Assignments).
#   3. Family/Device: MAX 10 (DA/DF/DC/DE/DT/SA/SC/SE/ST), part number 10M50DAF484C7G.

set_global_assignment -name FAMILY "MAX 10"
set_global_assignment -name DEVICE 10M50DAF484C7G

# ---------------- SW (chaves deslizantes SW9..SW0) ----------------
set_location_assignment PIN_C10 -to SW[0]
set_location_assignment PIN_C11 -to SW[1]
set_location_assignment PIN_D12 -to SW[2]
set_location_assignment PIN_C12 -to SW[3]
set_location_assignment PIN_A12 -to SW[4]
set_location_assignment PIN_B12 -to SW[5]
set_location_assignment PIN_A13 -to SW[6]
set_location_assignment PIN_A14 -to SW[7]
set_location_assignment PIN_B14 -to SW[8]
set_location_assignment PIN_F15 -to SW[9]

# ---------------- KEY (botoes, ativos em '0' fisicamente) ----------------
set_location_assignment PIN_B8 -to KEY[0]
set_location_assignment PIN_A7 -to KEY[1]

# ---------------- LEDR (usamos so LEDR[9] = sign_out) ----------------
set_location_assignment PIN_A8  -to LEDR[0]
set_location_assignment PIN_A9  -to LEDR[1]
set_location_assignment PIN_A10 -to LEDR[2]
set_location_assignment PIN_B10 -to LEDR[3]
set_location_assignment PIN_D13 -to LEDR[4]
set_location_assignment PIN_C13 -to LEDR[5]
set_location_assignment PIN_E14 -to LEDR[6]
set_location_assignment PIN_D14 -to LEDR[7]
set_location_assignment PIN_A11 -to LEDR[8]
set_location_assignment PIN_B11 -to LEDR[9]

# ---------------- HEX0 (frac_out(3 downto 0)) ----------------
set_location_assignment PIN_C14 -to HEX0[0]
set_location_assignment PIN_E15 -to HEX0[1]
set_location_assignment PIN_C15 -to HEX0[2]
set_location_assignment PIN_C16 -to HEX0[3]
set_location_assignment PIN_E16 -to HEX0[4]
set_location_assignment PIN_D17 -to HEX0[5]
set_location_assignment PIN_C17 -to HEX0[6]

# ---------------- HEX1 (frac_out(7 downto 4)) ----------------
set_location_assignment PIN_C18 -to HEX1[0]
set_location_assignment PIN_D18 -to HEX1[1]
set_location_assignment PIN_E18 -to HEX1[2]
set_location_assignment PIN_B16 -to HEX1[3]
set_location_assignment PIN_A17 -to HEX1[4]
set_location_assignment PIN_A18 -to HEX1[5]
set_location_assignment PIN_B17 -to HEX1[6]

# ---------------- HEX2 (exp_out) ----------------
set_location_assignment PIN_B20 -to HEX2[0]
set_location_assignment PIN_A20 -to HEX2[1]
set_location_assignment PIN_B19 -to HEX2[2]
set_location_assignment PIN_A21 -to HEX2[3]
set_location_assignment PIN_B21 -to HEX2[4]
set_location_assignment PIN_C22 -to HEX2[5]
set_location_assignment PIN_B22 -to HEX2[6]

# ---------------- Standard de I/O (recomendado para os bancos 1.2V/2.5V/3.3V da DE10-Lite) ----------------
set_instance_assignment -name IO_STANDARD "3.3-V LVTTL" -to SW[*]
set_instance_assignment -name IO_STANDARD "3.3-V LVTTL" -to KEY[*]
set_instance_assignment -name IO_STANDARD "3.3-V LVTTL" -to LEDR[*]
set_instance_assignment -name IO_STANDARD "3.3-V LVTTL" -to HEX0[*]
set_instance_assignment -name IO_STANDARD "3.3-V LVTTL" -to HEX1[*]
set_instance_assignment -name IO_STANDARD "3.3-V LVTTL" -to HEX2[*]
